github.com/yywing/neat v0.0.0-20200912055617-1f9de6384546 h1:j9shjgLov43oakoLDTPwIDSV9l5Ghbl1qvkYrsGVqeA=
github.com/yywing/neat/client/neat-client-go v0.0.0-20200912055617-1f9de6384546 h1:Xwvu72Oqk1DB9byO/Bb/oMlBF265woRFjPiZg71uA/I=
github.com/yywing/neat/client/neat-client-go v0.0.0-20200912055617-1f9de6384546/go.mod h1:tO8DHkdUXlsRYlPjl+LqQMPoSaiV+pXmDZxA6sZ/vqc=
